{
  "object": {
    "pins": [
      {
        "package": "CPostgreSQL",
        "repositoryURL": "https://github.com/vapor-community/cpostgresql.git",
        "state": {
          "branch": null,
          "revision": "33f0f94f023ab61ccd0ba2f076dd6a448be853e3",
          "version": "2.1.0"
        }
      }
    ]
  },
  "version": 1
}
